// !$*UTF8*$!
{
	archiveVersion = 1;
	classes = {
	};
	objectVersion = 46;
	objects = {

/* Begin PBXBuildFile section */
		25A7BC9119FD020D003489D4 /* sha1.cpp in Sources */ = {isa = PBXBuildFile; fileRef = 25A7BC8F19FD020D003489D4 /* sha1.cpp */; };
		25A7BC9219FD020D003489D4 /* sha1.h in Headers */ = {isa = PBXBuildFile; fileRef = 25A7BC9019FD020D003489D4 /* sha1.h */; };
		25A7BC9519FD021E003489D4 /* base64.cpp in Sources */ = {isa = PBXBuildFile; fileRef = 25A7BC9319FD021E003489D4 /* base64.cpp */; };
		25A7BC9619FD021E003489D4 /* base64.h in Headers */ = {isa = PBXBuildFile; fileRef = 25A7BC9419FD021E003489D4 /* base64.h */; };
		25A7BC9D19FD0230003489D4 /* ClientConnection.cpp in Sources */ = {isa = PBXBuildFile; fileRef = 25A7BC9719FD0230003489D4 /* ClientConnection.cpp */; };
		25A7BC9E19FD0230003489D4 /* ClientConnection.h in Headers */ = {isa = PBXBuildFile; fileRef = 25A7BC9819FD0230003489D4 /* ClientConnection.h */; };
		25A7BC9F19FD0230003489D4 /* Parser.cpp in Sources */ = {isa = PBXBuildFile; fileRef = 25A7BC9919FD0230003489D4 /* Parser.cpp */; };
		25A7BCA019FD0230003489D4 /* Parser.h in Headers */ = {isa = PBXBuildFile; fileRef = 25A7BC9A19FD0230003489D4 /* Parser.h */; };
		25A7BCA119FD0230003489D4 /* Server.cpp in Sources */ = {isa = PBXBuildFile; fileRef = 25A7BC9B19FD0230003489D4 /* Server.cpp */; };
		25A7BCA219FD0230003489D4 /* Server.h in Headers */ = {isa = PBXBuildFile; fileRef = 25A7BC9C19FD0230003489D4 /* Server.h */; };
/* End PBXBuildFile section */

/* Begin PBXFileReference section */
		251D39E319F950CB0044C266 /* libwebsocketscpp.dylib */ = {isa = PBXFileReference; explicitFileType = "compiled.mach-o.dylib"; includeInIndex = 0; path = libwebsocketscpp.dylib; sourceTree = BUILT_PRODUCTS_DIR; };
		25A7BC8F19FD020D003489D4 /* sha1.cpp */ = {isa = PBXFileReference; fileEncoding = 4; lastKnownFileType = sourcecode.cpp.cpp; name = sha1.cpp; path = ../../tools/sha1/sha1.cpp; sourceTree = "<group>"; };
		25A7BC9019FD020D003489D4 /* sha1.h */ = {isa = PBXFileReference; fileEncoding = 4; lastKnownFileType = sourcecode.c.h; name = sha1.h; path = ../../tools/sha1/sha1.h; sourceTree = "<group>"; };
		25A7BC9319FD021E003489D4 /* base64.cpp */ = {isa = PBXFileReference; fileEncoding = 4; lastKnownFileType = sourcecode.cpp.cpp; name = base64.cpp; path = ../../tools/base64/base64.cpp; sourceTree = "<group>"; };
		25A7BC9419FD021E003489D4 /* base64.h */ = {isa = PBXFileReference; fileEncoding = 4; lastKnownFileType = sourcecode.c.h; name = base64.h; path = ../../tools/base64/base64.h; sourceTree = "<group>"; };
		25A7BC9719FD0230003489D4 /* ClientConnection.cpp */ = {isa = PBXFileReference; fileEncoding = 4; lastKnownFileType = sourcecode.cpp.cpp; name = ClientConnection.cpp; path = ../../src/ClientConnection.cpp; sourceTree = "<group>"; };
		25A7BC9819FD0230003489D4 /* ClientConnection.h */ = {isa = PBXFileReference; fileEncoding = 4; lastKnownFileType = sourcecode.c.h; name = ClientConnection.h; path = ../../src/ClientConnection.h; sourceTree = "<group>"; };
		25A7BC9919FD0230003489D4 /* Parser.cpp */ = {isa = PBXFileReference; fileEncoding = 4; lastKnownFileType = sourcecode.cpp.cpp; name = Parser.cpp; path = ../../src/Parser.cpp; sourceTree = "<group>"; };
		25A7BC9A19FD0230003489D4 /* Parser.h */ = {isa = PBXFileReference; fileEncoding = 4; lastKnownFileType = sourcecode.c.h; name = Parser.h; path = ../../src/Parser.h; sourceTree = "<group>"; };
		25A7BC9B19FD0230003489D4 /* Server.cpp */ = {isa = PBXFileReference; fileEncoding = 4; lastKnownFileType = sourcecode.cpp.cpp; name = Server.cpp; path = ../../src/Server.cpp; sourceTree = "<group>"; };
		25A7BC9C19FD0230003489D4 /* Server.h */ = {isa = PBXFileReference; fileEncoding = 4; lastKnownFileType = sourcecode.c.h; name = Server.h; path = ../../src/Server.h; sourceTree = "<group>"; };
/* End PBXFileReference section */

/* Begin PBXFrameworksBuildPhase section */
		251D39E019F950CB0044C266 /* Frameworks */ = {
			isa = PBXFrameworksBuildPhase;
			buildActionMask = 2147483647;
			files = (
			);
			runOnlyForDeploymentPostprocessing = 0;
		};
/* End PBXFrameworksBuildPhase section */

/* Begin PBXGroup section */
		2510D90519FADCE80063F30A /* Source */ = {
			isa = PBXGroup;
			children = (
				25A7BC9719FD0230003489D4 /* ClientConnection.cpp */,
				25A7BC9919FD0230003489D4 /* Parser.cpp */,
				25A7BC9B19FD0230003489D4 /* Server.cpp */,
			);
			name = Source;
			sourceTree = "<group>";
		};
		2510D90619FADCEF0063F30A /* Header */ = {
			isa = PBXGroup;
			children = (
				25A7BC9819FD0230003489D4 /* ClientConnection.h */,
				25A7BC9A19FD0230003489D4 /* Parser.h */,
				25A7BC9C19FD0230003489D4 /* Server.h */,
			);
			name = Header;
			sourceTree = "<group>";
		};
		251D39DA19F950CB0044C266 = {
			isa = PBXGroup;
			children = (
				25A7BC8C19FD0183003489D4 /* Tools */,
				2510D90619FADCEF0063F30A /* Header */,
				2510D90519FADCE80063F30A /* Source */,
				251D39E419F950CB0044C266 /* Products */,
			);
			sourceTree = "<group>";
		};
		251D39E419F950CB0044C266 /* Products */ = {
			isa = PBXGroup;
			children = (
				251D39E319F950CB0044C266 /* libwebsocketscpp.dylib */,
			);
			name = Products;
			sourceTree = "<group>";
		};
		2543D5D019FBE4BD00FB8EEB /* SHA1 */ = {
			isa = PBXGroup;
			children = (
				25A7BC8F19FD020D003489D4 /* sha1.cpp */,
				25A7BC9019FD020D003489D4 /* sha1.h */,
			);
			name = SHA1;
			sourceTree = "<group>";
		};
		25A7BC8C19FD0183003489D4 /* Tools */ = {
			isa = PBXGroup;
			children = (
				2543D5D019FBE4BD00FB8EEB /* SHA1 */,
				25FFB09419FBEFAB009004EF /* Base64 */,
			);
			name = Tools;
			sourceTree = "<group>";
		};
		25FFB09419FBEFAB009004EF /* Base64 */ = {
			isa = PBXGroup;
			children = (
				25A7BC9319FD021E003489D4 /* base64.cpp */,
				25A7BC9419FD021E003489D4 /* base64.h */,
			);
			name = Base64;
			sourceTree = "<group>";
		};
/* End PBXGroup section */

/* Begin PBXHeadersBuildPhase section */
		251D39E119F950CB0044C266 /* Headers */ = {
			isa = PBXHeadersBuildPhase;
			buildActionMask = 2147483647;
			files = (
				25A7BC9619FD021E003489D4 /* base64.h in Headers */,
				25A7BC9E19FD0230003489D4 /* ClientConnection.h in Headers */,
				25A7BC9219FD020D003489D4 /* sha1.h in Headers */,
				25A7BCA019FD0230003489D4 /* Parser.h in Headers */,
				25A7BCA219FD0230003489D4 /* Server.h in Headers */,
			);
			runOnlyForDeploymentPostprocessing = 0;
		};
/* End PBXHeadersBuildPhase section */

/* Begin PBXNativeTarget section */
		251D39E219F950CB0044C266 /* websocketscpp */ = {
			isa = PBXNativeTarget;
			buildConfigurationList = 251D39E719F950CB0044C266 /* Build configuration list for PBXNativeTarget "websocketscpp" */;
			buildPhases = (
				251D39DF19F950CB0044C266 /* Sources */,
				251D39E019F950CB0044C266 /* Frameworks */,
				251D39E119F950CB0044C266 /* Headers */,
			);
			buildRules = (
			);
			dependencies = (
			);
			name = websocketscpp;
			productName = websocketscpp;
			productReference = 251D39E319F950CB0044C266 /* libwebsocketscpp.dylib */;
			productType = "com.apple.product-type.library.dynamic";
		};
/* End PBXNativeTarget section */

/* Begin PBXProject section */
		251D39DB19F950CB0044C266 /* Project object */ = {
			isa = PBXProject;
			attributes = {
				LastUpgradeCheck = 0610;
				ORGANIZATIONNAME = "Łukasz Stachowicz";
				TargetAttributes = {
					251D39E219F950CB0044C266 = {
						CreatedOnToolsVersion = 6.0.1;
					};
				};
			};
			buildConfigurationList = 251D39DE19F950CB0044C266 /* Build configuration list for PBXProject "websocketscpp" */;
			compatibilityVersion = "Xcode 3.2";
			developmentRegion = English;
			hasScannedForEncodings = 0;
			knownRegions = (
				en,
			);
			mainGroup = 251D39DA19F950CB0044C266;
			productRefGroup = 251D39E419F950CB0044C266 /* Products */;
			projectDirPath = "";
			projectRoot = "";
			targets = (
				251D39E219F950CB0044C266 /* websocketscpp */,
			);
		};
/* End PBXProject section */

/* Begin PBXSourcesBuildPhase section */
		251D39DF19F950CB0044C266 /* Sources */ = {
			isa = PBXSourcesBuildPhase;
			buildActionMask = 2147483647;
			files = (
				25A7BC9F19FD0230003489D4 /* Parser.cpp in Sources */,
				25A7BC9519FD021E003489D4 /* base64.cpp in Sources */,
				25A7BCA119FD0230003489D4 /* Server.cpp in Sources */,
				25A7BC9119FD020D003489D4 /* sha1.cpp in Sources */,
				25A7BC9D19FD0230003489D4 /* ClientConnection.cpp in Sources */,
			);
			runOnlyForDeploymentPostprocessing = 0;
		};
/* End PBXSourcesBuildPhase section */

/* Begin XCBuildConfiguration section */
		251D39E519F950CB0044C266 /* Debug */ = {
			isa = XCBuildConfiguration;
			buildSettings = {
				ALWAYS_SEARCH_USER_PATHS = NO;
				ARCHS = "$(ARCHS_STANDARD_32_64_BIT)";
				CLANG_CXX_LANGUAGE_STANDARD = "gnu++0x";
				CLANG_CXX_LIBRARY = "libc++";
				CLANG_ENABLE_MODULES = YES;
				CLANG_ENABLE_OBJC_ARC = YES;
				CLANG_WARN_BOOL_CONVERSION = YES;
				CLANG_WARN_CONSTANT_CONVERSION = YES;
				CLANG_WARN_DIRECT_OBJC_ISA_USAGE = YES_ERROR;
				CLANG_WARN_EMPTY_BODY = YES;
				CLANG_WARN_ENUM_CONVERSION = YES;
				CLANG_WARN_INT_CONVERSION = YES;
				CLANG_WARN_OBJC_ROOT_CLASS = YES_ERROR;
				CLANG_WARN_UNREACHABLE_CODE = YES;
				CLANG_WARN__DUPLICATE_METHOD_MATCH = YES;
				COPY_PHASE_STRIP = NO;
				ENABLE_STRICT_OBJC_MSGSEND = YES;
				GCC_C_LANGUAGE_STANDARD = gnu99;
				GCC_DYNAMIC_NO_PIC = NO;
				GCC_OPTIMIZATION_LEVEL = 0;
				GCC_PREPROCESSOR_DEFINITIONS = (
					"DEBUG=1",
					"$(inherited)",
				);
				GCC_SYMBOLS_PRIVATE_EXTERN = NO;
				GCC_WARN_64_TO_32_BIT_CONVERSION = YES;
				GCC_WARN_ABOUT_RETURN_TYPE = YES_ERROR;
				GCC_WARN_UNDECLARED_SELECTOR = YES;
				GCC_WARN_UNINITIALIZED_AUTOS = YES_AGGRESSIVE;
				GCC_WARN_UNUSED_FUNCTION = YES;
				GCC_WARN_UNUSED_VARIABLE = YES;
				HEADER_SEARCH_PATHS = "$(inherited)";
				MACOSX_DEPLOYMENT_TARGET = 10.9;
				MTL_ENABLE_DEBUG_INFO = YES;
				ONLY_ACTIVE_ARCH = YES;
				SDKROOT = macosx;
			};
			name = Debug;
		};
		251D39E619F950CB0044C266 /* Release */ = {
			isa = XCBuildConfiguration;
			buildSettings = {
				ALWAYS_SEARCH_USER_PATHS = NO;
				ARCHS = "$(ARCHS_STANDARD_32_64_BIT)";
				CLANG_CXX_LANGUAGE_STANDARD = "gnu++0x";
				CLANG_CXX_LIBRARY = "libc++";
				CLANG_ENABLE_MODULES = YES;
				CLANG_ENABLE_OBJC_ARC = YES;
				CLANG_WARN_BOOL_CONVERSION = YES;
				CLANG_WARN_CONSTANT_CONVERSION = YES;
				CLANG_WARN_DIRECT_OBJC_ISA_USAGE = YES_ERROR;
				CLANG_WARN_EMPTY_BODY = YES;
				CLANG_WARN_ENUM_CONVERSION = YES;
				CLANG_WARN_INT_CONVERSION = YES;
				CLANG_WARN_OBJC_ROOT_CLASS = YES_ERROR;
				CLANG_WARN_UNREACHABLE_CODE = YES;
				CLANG_WARN__DUPLICATE_METHOD_MATCH = YES;
				COPY_PHASE_STRIP = YES;
				DEBUG_INFORMATION_FORMAT = "dwarf-with-dsym";
				ENABLE_NS_ASSERTIONS = NO;
				ENABLE_STRICT_OBJC_MSGSEND = YES;
				GCC_C_LANGUAGE_STANDARD = gnu99;
				GCC_WARN_64_TO_32_BIT_CONVERSION = YES;
				GCC_WARN_ABOUT_RETURN_TYPE = YES_ERROR;
				GCC_WARN_UNDECLARED_SELECTOR = YES;
				GCC_WARN_UNINITIALIZED_AUTOS = YES_AGGRESSIVE;
				GCC_WARN_UNUSED_FUNCTION = YES;
				GCC_WARN_UNUSED_VARIABLE = YES;
				HEADER_SEARCH_PATHS = "$(inherited)";
				MACOSX_DEPLOYMENT_TARGET = 10.9;
				MTL_ENABLE_DEBUG_INFO = NO;
				SDKROOT = macosx;
			};
			name = Release;
		};
		251D39E819F950CB0044C266 /* Debug */ = {
			isa = XCBuildConfiguration;
			buildSettings = {
				CLANG_CXX_LANGUAGE_STANDARD = "c++14";
				COMBINE_HIDPI_IMAGES = YES;
				DYLIB_COMPATIBILITY_VERSION = 1;
				DYLIB_CURRENT_VERSION = 1;
				EXECUTABLE_PREFIX = lib;
				PRODUCT_NAME = "$(TARGET_NAME)";
			};
			name = Debug;
		};
		251D39E919F950CB0044C266 /* Release */ = {
			isa = XCBuildConfiguration;
			buildSettings = {
				CLANG_CXX_LANGUAGE_STANDARD = "c++14";
				COMBINE_HIDPI_IMAGES = YES;
				DYLIB_COMPATIBILITY_VERSION = 1;
				DYLIB_CURRENT_VERSION = 1;
				EXECUTABLE_PREFIX = lib;
				PRODUCT_NAME = "$(TARGET_NAME)";
			};
			name = Release;
		};
/* End XCBuildConfiguration section */

/* Begin XCConfigurationList section */
		251D39DE19F950CB0044C266 /* Build configuration list for PBXProject "websocketscpp" */ = {
			isa = XCConfigurationList;
			buildConfigurations = (
				251D39E519F950CB0044C266 /* Debug */,
				251D39E619F950CB0044C266 /* Release */,
			);
			defaultConfigurationIsVisible = 0;
			defaultConfigurationName = Release;
		};
		251D39E719F950CB0044C266 /* Build configuration list for PBXNativeTarget "websocketscpp" */ = {
			isa = XCConfigurationList;
			buildConfigurations = (
				251D39E819F950CB0044C266 /* Debug */,
				251D39E919F950CB0044C266 /* Release */,
			);
			defaultConfigurationIsVisible = 0;
			defaultConfigurationName = Release;
		};
/* End XCConfigurationList section */
	};
	rootObject = 251D39DB19F950CB0044C266 /* Project object */;
}
